// !$*UTF8*$!
{
	archiveVersion = 1;
	classes = {
	};
	objectVersion = 55;
	objects = {

/* Begin PBXBuildFile section */
		E70EFD6228893BBA00EB996F /* SwiftUILabApp.swift in Sources */ = {isa = PBXBuildFile; fileRef = E70EFD6128893BBA00EB996F /* SwiftUILabApp.swift */; };
		E70EFD6428893BBA00EB996F /* ContentView.swift in Sources */ = {isa = PBXBuildFile; fileRef = E70EFD6328893BBA00EB996F /* ContentView.swift */; };
		E70EFD6628893BBB00EB996F /* Assets.xcassets in Resources */ = {isa = PBXBuildFile; fileRef = E70EFD6528893BBB00EB996F /* Assets.xcassets */; };
		E70EFD6928893BBB00EB996F /* Preview Assets.xcassets in Resources */ = {isa = PBXBuildFile; fileRef = E70EFD6828893BBB00EB996F /* Preview Assets.xcassets */; };
		E70EFD7028893BDF00EB996F /* MainListView.swift in Sources */ = {isa = PBXBuildFile; fileRef = E70EFD6F28893BDF00EB996F /* MainListView.swift */; };
		E70EFD7228893C3300EB996F /* AboutView.swift in Sources */ = {isa = PBXBuildFile; fileRef = E70EFD7128893C3300EB996F /* AboutView.swift */; };
		E70EFD772889601600EB996F /* LargeNavigationTitleView.swift in Sources */ = {isa = PBXBuildFile; fileRef = E70EFD762889601600EB996F /* LargeNavigationTitleView.swift */; };
		E70EFD792889612800EB996F /* TitlesView.swift in Sources */ = {isa = PBXBuildFile; fileRef = E70EFD782889612800EB996F /* TitlesView.swift */; };
		E70EFD7B2889638D00EB996F /* InlineTitleView.swift in Sources */ = {isa = PBXBuildFile; fileRef = E70EFD7A2889638D00EB996F /* InlineTitleView.swift */; };
		E70EFD7D2889690500EB996F /* BottomToolbarView.swift in Sources */ = {isa = PBXBuildFile; fileRef = E70EFD7C2889690500EB996F /* BottomToolbarView.swift */; };
		E70EFD7F2889691900EB996F /* NavigaToolbarView.swift in Sources */ = {isa = PBXBuildFile; fileRef = E70EFD7E2889691900EB996F /* NavigaToolbarView.swift */; };
		E70EFD8128896CC200EB996F /* MapView.swift in Sources */ = {isa = PBXBuildFile; fileRef = E70EFD8028896CC200EB996F /* MapView.swift */; };
		E70EFD83288971D000EB996F /* ButtonsView.swift in Sources */ = {isa = PBXBuildFile; fileRef = E70EFD82288971D000EB996F /* ButtonsView.swift */; };
		E70EFD852889728400EB996F /* HapticsView.swift in Sources */ = {isa = PBXBuildFile; fileRef = E70EFD842889728400EB996F /* HapticsView.swift */; };
		E70EFD882889AE7900EB996F /* DateTimeView.swift in Sources */ = {isa = PBXBuildFile; fileRef = E70EFD872889AE7900EB996F /* DateTimeView.swift */; };
		E7D81B4B288B0A6E00F1310F /* SheetView.swift in Sources */ = {isa = PBXBuildFile; fileRef = E7D81B4A288B0A6E00F1310F /* SheetView.swift */; };
		E7D81B4D288B21BF00F1310F /* NavListView.swift in Sources */ = {isa = PBXBuildFile; fileRef = E7D81B4C288B21BF00F1310F /* NavListView.swift */; };
		E7D81B4F288B254000F1310F /* NavLinkView.swift in Sources */ = {isa = PBXBuildFile; fileRef = E7D81B4E288B254000F1310F /* NavLinkView.swift */; };
		E7D81B53288B80DE00F1310F /* FullScreenModalView.swift in Sources */ = {isa = PBXBuildFile; fileRef = E7D81B52288B80DE00F1310F /* FullScreenModalView.swift */; };
		E7D81B56288B832B00F1310F /* TabView.swift in Sources */ = {isa = PBXBuildFile; fileRef = E7D81B55288B832B00F1310F /* TabView.swift */; };
		E7D81B58288B83CD00F1310F /* OneView.swift in Sources */ = {isa = PBXBuildFile; fileRef = E7D81B57288B83CD00F1310F /* OneView.swift */; };
		E7D81B5A288B83DA00F1310F /* TwoView.swift in Sources */ = {isa = PBXBuildFile; fileRef = E7D81B59288B83DA00F1310F /* TwoView.swift */; };
		E7D81B5C288B83E300F1310F /* ThreeView.swift in Sources */ = {isa = PBXBuildFile; fileRef = E7D81B5B288B83E300F1310F /* ThreeView.swift */; };
		E7D81B5F288B8A4000F1310F /* PagingView.swift in Sources */ = {isa = PBXBuildFile; fileRef = E7D81B5E288B8A4000F1310F /* PagingView.swift */; };
		E7D81B62288B966300F1310F /* TextEntryView.swift in Sources */ = {isa = PBXBuildFile; fileRef = E7D81B61288B966300F1310F /* TextEntryView.swift */; };
		E7D81B64288B99EE00F1310F /* ListsView.swift in Sources */ = {isa = PBXBuildFile; fileRef = E7D81B63288B99EE00F1310F /* ListsView.swift */; };
		E7D81B67288B9B2700F1310F /* PlainListView.swift in Sources */ = {isa = PBXBuildFile; fileRef = E7D81B66288B9B2700F1310F /* PlainListView.swift */; };
		E7D81B69288B9B4700F1310F /* GroupedListView.swift in Sources */ = {isa = PBXBuildFile; fileRef = E7D81B68288B9B4700F1310F /* GroupedListView.swift */; };
		E7D81B6B288B9B5900F1310F /* InsetListView.swift in Sources */ = {isa = PBXBuildFile; fileRef = E7D81B6A288B9B5900F1310F /* InsetListView.swift */; };
		E7D81B6D288B9B6E00F1310F /* InsetGroupedListView.swift in Sources */ = {isa = PBXBuildFile; fileRef = E7D81B6C288B9B6E00F1310F /* InsetGroupedListView.swift */; };
		E7D81B6F288B9B7F00F1310F /* SidebarListview.swift in Sources */ = {isa = PBXBuildFile; fileRef = E7D81B6E288B9B7F00F1310F /* SidebarListview.swift */; };
		E7D81B71288BA22F00F1310F /* ProgressView.swift in Sources */ = {isa = PBXBuildFile; fileRef = E7D81B70288BA22F00F1310F /* ProgressView.swift */; };
/* End PBXBuildFile section */

/* Begin PBXFileReference section */
		E70EFD5E28893BBA00EB996F /* SwiftUILab.app */ = {isa = PBXFileReference; explicitFileType = wrapper.application; includeInIndex = 0; path = SwiftUILab.app; sourceTree = BUILT_PRODUCTS_DIR; };
		E70EFD6128893BBA00EB996F /* SwiftUILabApp.swift */ = {isa = PBXFileReference; lastKnownFileType = sourcecode.swift; path = SwiftUILabApp.swift; sourceTree = "<group>"; };
		E70EFD6328893BBA00EB996F /* ContentView.swift */ = {isa = PBXFileReference; lastKnownFileType = sourcecode.swift; path = ContentView.swift; sourceTree = "<group>"; };
		E70EFD6528893BBB00EB996F /* Assets.xcassets */ = {isa = PBXFileReference; lastKnownFileType = folder.assetcatalog; path = Assets.xcassets; sourceTree = "<group>"; };
		E70EFD6828893BBB00EB996F /* Preview Assets.xcassets */ = {isa = PBXFileReference; lastKnownFileType = folder.assetcatalog; path = "Preview Assets.xcassets"; sourceTree = "<group>"; };
		E70EFD6F28893BDF00EB996F /* MainListView.swift */ = {isa = PBXFileReference; lastKnownFileType = sourcecode.swift; path = MainListView.swift; sourceTree = "<group>"; };
		E70EFD7128893C3300EB996F /* AboutView.swift */ = {isa = PBXFileReference; lastKnownFileType = sourcecode.swift; path = AboutView.swift; sourceTree = "<group>"; };
		E70EFD762889601600EB996F /* LargeNavigationTitleView.swift */ = {isa = PBXFileReference; lastKnownFileType = sourcecode.swift; path = LargeNavigationTitleView.swift; sourceTree = "<group>"; };
		E70EFD782889612800EB996F /* TitlesView.swift */ = {isa = PBXFileReference; lastKnownFileType = sourcecode.swift; path = TitlesView.swift; sourceTree = "<group>"; };
		E70EFD7A2889638D00EB996F /* InlineTitleView.swift */ = {isa = PBXFileReference; lastKnownFileType = sourcecode.swift; path = InlineTitleView.swift; sourceTree = "<group>"; };
		E70EFD7C2889690500EB996F /* BottomToolbarView.swift */ = {isa = PBXFileReference; lastKnownFileType = sourcecode.swift; path = BottomToolbarView.swift; sourceTree = "<group>"; };
		E70EFD7E2889691900EB996F /* NavigaToolbarView.swift */ = {isa = PBXFileReference; lastKnownFileType = sourcecode.swift; path = NavigaToolbarView.swift; sourceTree = "<group>"; };
		E70EFD8028896CC200EB996F /* MapView.swift */ = {isa = PBXFileReference; lastKnownFileType = sourcecode.swift; path = MapView.swift; sourceTree = "<group>"; };
		E70EFD82288971D000EB996F /* ButtonsView.swift */ = {isa = PBXFileReference; lastKnownFileType = sourcecode.swift; path = ButtonsView.swift; sourceTree = "<group>"; };
		E70EFD842889728400EB996F /* HapticsView.swift */ = {isa = PBXFileReference; lastKnownFileType = sourcecode.swift; path = HapticsView.swift; sourceTree = "<group>"; };
		E70EFD872889AE7900EB996F /* DateTimeView.swift */ = {isa = PBXFileReference; lastKnownFileType = sourcecode.swift; path = DateTimeView.swift; sourceTree = "<group>"; };
		E7D81B4A288B0A6E00F1310F /* SheetView.swift */ = {isa = PBXFileReference; lastKnownFileType = sourcecode.swift; path = SheetView.swift; sourceTree = "<group>"; };
		E7D81B4C288B21BF00F1310F /* NavListView.swift */ = {isa = PBXFileReference; lastKnownFileType = sourcecode.swift; path = NavListView.swift; sourceTree = "<group>"; };
		E7D81B4E288B254000F1310F /* NavLinkView.swift */ = {isa = PBXFileReference; lastKnownFileType = sourcecode.swift; path = NavLinkView.swift; sourceTree = "<group>"; };
		E7D81B52288B80DE00F1310F /* FullScreenModalView.swift */ = {isa = PBXFileReference; lastKnownFileType = sourcecode.swift; path = FullScreenModalView.swift; sourceTree = "<group>"; };
		E7D81B55288B832B00F1310F /* TabView.swift */ = {isa = PBXFileReference; lastKnownFileType = sourcecode.swift; path = TabView.swift; sourceTree = "<group>"; };
		E7D81B57288B83CD00F1310F /* OneView.swift */ = {isa = PBXFileReference; lastKnownFileType = sourcecode.swift; path = OneView.swift; sourceTree = "<group>"; };
		E7D81B59288B83DA00F1310F /* TwoView.swift */ = {isa = PBXFileReference; lastKnownFileType = sourcecode.swift; path = TwoView.swift; sourceTree = "<group>"; };
		E7D81B5B288B83E300F1310F /* ThreeView.swift */ = {isa = PBXFileReference; lastKnownFileType = sourcecode.swift; path = ThreeView.swift; sourceTree = "<group>"; };
		E7D81B5E288B8A4000F1310F /* PagingView.swift */ = {isa = PBXFileReference; lastKnownFileType = sourcecode.swift; path = PagingView.swift; sourceTree = "<group>"; };
		E7D81B61288B966300F1310F /* TextEntryView.swift */ = {isa = PBXFileReference; lastKnownFileType = sourcecode.swift; path = TextEntryView.swift; sourceTree = "<group>"; };
		E7D81B63288B99EE00F1310F /* ListsView.swift */ = {isa = PBXFileReference; lastKnownFileType = sourcecode.swift; path = ListsView.swift; sourceTree = "<group>"; };
		E7D81B66288B9B2700F1310F /* PlainListView.swift */ = {isa = PBXFileReference; lastKnownFileType = sourcecode.swift; path = PlainListView.swift; sourceTree = "<group>"; };
		E7D81B68288B9B4700F1310F /* GroupedListView.swift */ = {isa = PBXFileReference; lastKnownFileType = sourcecode.swift; path = GroupedListView.swift; sourceTree = "<group>"; };
		E7D81B6A288B9B5900F1310F /* InsetListView.swift */ = {isa = PBXFileReference; lastKnownFileType = sourcecode.swift; path = InsetListView.swift; sourceTree = "<group>"; };
		E7D81B6C288B9B6E00F1310F /* InsetGroupedListView.swift */ = {isa = PBXFileReference; lastKnownFileType = sourcecode.swift; path = InsetGroupedListView.swift; sourceTree = "<group>"; };
		E7D81B6E288B9B7F00F1310F /* SidebarListview.swift */ = {isa = PBXFileReference; lastKnownFileType = sourcecode.swift; path = SidebarListview.swift; sourceTree = "<group>"; };
		E7D81B70288BA22F00F1310F /* ProgressView.swift */ = {isa = PBXFileReference; lastKnownFileType = sourcecode.swift; path = ProgressView.swift; sourceTree = "<group>"; };
/* End PBXFileReference section */

/* Begin PBXFrameworksBuildPhase section */
		E70EFD5B28893BBA00EB996F /* Frameworks */ = {
			isa = PBXFrameworksBuildPhase;
			buildActionMask = 2147483647;
			files = (
			);
			runOnlyForDeploymentPostprocessing = 0;
		};
/* End PBXFrameworksBuildPhase section */

/* Begin PBXGroup section */
		E70EFD5528893BB900EB996F = {
			isa = PBXGroup;
			children = (
				E70EFD6028893BBA00EB996F /* SwiftUILab */,
				E70EFD5F28893BBA00EB996F /* Products */,
			);
			sourceTree = "<group>";
		};
		E70EFD5F28893BBA00EB996F /* Products */ = {
			isa = PBXGroup;
			children = (
				E70EFD5E28893BBA00EB996F /* SwiftUILab.app */,
			);
			name = Products;
			sourceTree = "<group>";
		};
		E70EFD6028893BBA00EB996F /* SwiftUILab */ = {
			isa = PBXGroup;
			children = (
				E70EFD6128893BBA00EB996F /* SwiftUILabApp.swift */,
				E70EFD7328893D2300EB996F /* Views */,
				E70EFD6528893BBB00EB996F /* Assets.xcassets */,
				E70EFD6728893BBB00EB996F /* Preview Content */,
			);
			path = SwiftUILab;
			sourceTree = "<group>";
		};
		E70EFD6728893BBB00EB996F /* Preview Content */ = {
			isa = PBXGroup;
			children = (
				E70EFD6828893BBB00EB996F /* Preview Assets.xcassets */,
			);
			path = "Preview Content";
			sourceTree = "<group>";
		};
		E70EFD7328893D2300EB996F /* Views */ = {
			isa = PBXGroup;
			children = (
				E70EFD6328893BBA00EB996F /* ContentView.swift */,
				E70EFD6F28893BDF00EB996F /* MainListView.swift */,
				E70EFD7128893C3300EB996F /* AboutView.swift */,
				E70EFD7428895FD900EB996F /* Components */,
			);
			path = Views;
			sourceTree = "<group>";
		};
		E70EFD7428895FD900EB996F /* Components */ = {
			isa = PBXGroup;
			children = (
				E7D81B49288B0A3900F1310F /* Navigations */,
				E70EFD7528895FF800EB996F /* Titles & Toolbars */,
				E70EFD8028896CC200EB996F /* MapView.swift */,
				E70EFD82288971D000EB996F /* ButtonsView.swift */,
				E70EFD842889728400EB996F /* HapticsView.swift */,
				E70EFD872889AE7900EB996F /* DateTimeView.swift */,
				E7D81B61288B966300F1310F /* TextEntryView.swift */,
				E7D81B65288B9A3500F1310F /* List  */,
				E7D81B70288BA22F00F1310F /* ProgressView.swift */,
			);
			path = Components;
			sourceTree = "<group>";
		};
		E70EFD7528895FF800EB996F /* Titles & Toolbars */ = {
			isa = PBXGroup;
			children = (
				E70EFD782889612800EB996F /* TitlesView.swift */,
				E70EFD762889601600EB996F /* LargeNavigationTitleView.swift */,
				E70EFD7A2889638D00EB996F /* InlineTitleView.swift */,
				E70EFD7C2889690500EB996F /* BottomToolbarView.swift */,
				E70EFD7E2889691900EB996F /* NavigaToolbarView.swift */,
			);
			path = "Titles & Toolbars";
			sourceTree = "<group>";
		};
		E7D81B49288B0A3900F1310F /* Navigations */ = {
			isa = PBXGroup;
			children = (
				E7D81B4C288B21BF00F1310F /* NavListView.swift */,
				E7D81B4A288B0A6E00F1310F /* SheetView.swift */,
				E7D81B4E288B254000F1310F /* NavLinkView.swift */,
				E7D81B52288B80DE00F1310F /* FullScreenModalView.swift */,
				E7D81B55288B832B00F1310F /* TabView.swift */,
				E7D81B54288B82F000F1310F /* ExtraTabViews */,
				E7D81B5E288B8A4000F1310F /* PagingView.swift */,
			);
			path = Navigations;
			sourceTree = "<group>";
		};
		E7D81B54288B82F000F1310F /* ExtraTabViews */ = {
			isa = PBXGroup;
			children = (
				E7D81B57288B83CD00F1310F /* OneView.swift */,
				E7D81B59288B83DA00F1310F /* TwoView.swift */,
				E7D81B5B288B83E300F1310F /* ThreeView.swift */,
			);
			path = ExtraTabViews;
			sourceTree = "<group>";
		};
		E7D81B65288B9A3500F1310F /* List  */ = {
			isa = PBXGroup;
			children = (
				E7D81B63288B99EE00F1310F /* ListsView.swift */,
				E7D81B66288B9B2700F1310F /* PlainListView.swift */,
				E7D81B68288B9B4700F1310F /* GroupedListView.swift */,
				E7D81B6A288B9B5900F1310F /* InsetListView.swift */,
				E7D81B6C288B9B6E00F1310F /* InsetGroupedListView.swift */,
				E7D81B6E288B9B7F00F1310F /* SidebarListview.swift */,
			);
			path = "List ";
			sourceTree = "<group>";
		};
/* End PBXGroup section */

/* Begin PBXNativeTarget section */
		E70EFD5D28893BBA00EB996F /* SwiftUILab */ = {
			isa = PBXNativeTarget;
			buildConfigurationList = E70EFD6C28893BBB00EB996F /* Build configuration list for PBXNativeTarget "SwiftUILab" */;
			buildPhases = (
				E70EFD5A28893BBA00EB996F /* Sources */,
				E70EFD5B28893BBA00EB996F /* Frameworks */,
				E70EFD5C28893BBA00EB996F /* Resources */,
			);
			buildRules = (
			);
			dependencies = (
			);
			name = SwiftUILab;
			productName = SwiftUILab;
			productReference = E70EFD5E28893BBA00EB996F /* SwiftUILab.app */;
			productType = "com.apple.product-type.application";
		};
/* End PBXNativeTarget section */

/* Begin PBXProject section */
		E70EFD5628893BB900EB996F /* Project object */ = {
			isa = PBXProject;
			attributes = {
				BuildIndependentTargetsInParallel = 1;
				LastSwiftUpdateCheck = 1340;
				LastUpgradeCheck = 1340;
				TargetAttributes = {
					E70EFD5D28893BBA00EB996F = {
						CreatedOnToolsVersion = 13.4.1;
					};
				};
			};
			buildConfigurationList = E70EFD5928893BB900EB996F /* Build configuration list for PBXProject "SwiftUILab" */;
			compatibilityVersion = "Xcode 13.0";
			developmentRegion = en;
			hasScannedForEncodings = 0;
			knownRegions = (
				en,
				Base,
			);
			mainGroup = E70EFD5528893BB900EB996F;
			productRefGroup = E70EFD5F28893BBA00EB996F /* Products */;
			projectDirPath = "";
			projectRoot = "";
			targets = (
				E70EFD5D28893BBA00EB996F /* SwiftUILab */,
			);
		};
/* End PBXProject section */

/* Begin PBXResourcesBuildPhase section */
		E70EFD5C28893BBA00EB996F /* Resources */ = {
			isa = PBXResourcesBuildPhase;
			buildActionMask = 2147483647;
			files = (
				E70EFD6928893BBB00EB996F /* Preview Assets.xcassets in Resources */,
				E70EFD6628893BBB00EB996F /* Assets.xcassets in Resources */,
			);
			runOnlyForDeploymentPostprocessing = 0;
		};
/* End PBXResourcesBuildPhase section */

/* Begin PBXSourcesBuildPhase section */
		E70EFD5A28893BBA00EB996F /* Sources */ = {
			isa = PBXSourcesBuildPhase;
			buildActionMask = 2147483647;
			files = (
				E7D81B5F288B8A4000F1310F /* PagingView.swift in Sources */,
				E70EFD7228893C3300EB996F /* AboutView.swift in Sources */,
				E70EFD7F2889691900EB996F /* NavigaToolbarView.swift in Sources */,
				E70EFD6428893BBA00EB996F /* ContentView.swift in Sources */,
				E70EFD83288971D000EB996F /* ButtonsView.swift in Sources */,
				E70EFD7028893BDF00EB996F /* MainListView.swift in Sources */,
				E7D81B53288B80DE00F1310F /* FullScreenModalView.swift in Sources */,
				E70EFD792889612800EB996F /* TitlesView.swift in Sources */,
				E7D81B64288B99EE00F1310F /* ListsView.swift in Sources */,
				E7D81B69288B9B4700F1310F /* GroupedListView.swift in Sources */,
				E7D81B4D288B21BF00F1310F /* NavListView.swift in Sources */,
				E7D81B62288B966300F1310F /* TextEntryView.swift in Sources */,
				E7D81B6B288B9B5900F1310F /* InsetListView.swift in Sources */,
				E7D81B6D288B9B6E00F1310F /* InsetGroupedListView.swift in Sources */,
				E7D81B67288B9B2700F1310F /* PlainListView.swift in Sources */,
				E7D81B4B288B0A6E00F1310F /* SheetView.swift in Sources */,
				E7D81B5A288B83DA00F1310F /* TwoView.swift in Sources */,
				E7D81B71288BA22F00F1310F /* ProgressView.swift in Sources */,
				E70EFD6228893BBA00EB996F /* SwiftUILabApp.swift in Sources */,
				E70EFD882889AE7900EB996F /* DateTimeView.swift in Sources */,
				E7D81B4F288B254000F1310F /* NavLinkView.swift in Sources */,
				E70EFD7D2889690500EB996F /* BottomToolbarView.swift in Sources */,
				E70EFD8128896CC200EB996F /* MapView.swift in Sources */,
				E7D81B5C288B83E300F1310F /* ThreeView.swift in Sources */,
				E70EFD7B2889638D00EB996F /* InlineTitleView.swift in Sources */,
				E70EFD772889601600EB996F /* LargeNavigationTitleView.swift in Sources */,
				E7D81B56288B832B00F1310F /* TabView.swift in Sources */,
				E7D81B58288B83CD00F1310F /* OneView.swift in Sources */,
				E7D81B6F288B9B7F00F1310F /* SidebarListview.swift in Sources */,
				E70EFD852889728400EB996F /* HapticsView.swift in Sources */,
			);
			runOnlyForDeploymentPostprocessing = 0;
		};
/* End PBXSourcesBuildPhase section */

/* Begin XCBuildConfiguration section */
		E70EFD6A28893BBB00EB996F /* Debug */ = {
			isa = XCBuildConfiguration;
			buildSettings = {
				ALWAYS_SEARCH_USER_PATHS = NO;
				CLANG_ANALYZER_NONNULL = YES;
				CLANG_ANALYZER_NUMBER_OBJECT_CONVERSION = YES_AGGRESSIVE;
				CLANG_CXX_LANGUAGE_STANDARD = "gnu++17";
				CLANG_ENABLE_MODULES = YES;
				CLANG_ENABLE_OBJC_ARC = YES;
				CLANG_ENABLE_OBJC_WEAK = YES;
				CLANG_WARN_BLOCK_CAPTURE_AUTORELEASING = YES;
				CLANG_WARN_BOOL_CONVERSION = YES;
				CLANG_WARN_COMMA = YES;
				CLANG_WARN_CONSTANT_CONVERSION = YES;
				CLANG_WARN_DEPRECATED_OBJC_IMPLEMENTATIONS = YES;
				CLANG_WARN_DIRECT_OBJC_ISA_USAGE = YES_ERROR;
				CLANG_WARN_DOCUMENTATION_COMMENTS = YES;
				CLANG_WARN_EMPTY_BODY = YES;
				CLANG_WARN_ENUM_CONVERSION = YES;
				CLANG_WARN_INFINITE_RECURSION = YES;
				CLANG_WARN_INT_CONVERSION = YES;
				CLANG_WARN_NON_LITERAL_NULL_CONVERSION = YES;
				CLANG_WARN_OBJC_IMPLICIT_RETAIN_SELF = YES;
				CLANG_WARN_OBJC_LITERAL_CONVERSION = YES;
				CLANG_WARN_OBJC_ROOT_CLASS = YES_ERROR;
				CLANG_WARN_QUOTED_INCLUDE_IN_FRAMEWORK_HEADER = YES;
				CLANG_WARN_RANGE_LOOP_ANALYSIS = YES;
				CLANG_WARN_STRICT_PROTOTYPES = YES;
				CLANG_WARN_SUSPICIOUS_MOVE = YES;
				CLANG_WARN_UNGUARDED_AVAILABILITY = YES_AGGRESSIVE;
				CLANG_WARN_UNREACHABLE_CODE = YES;
				CLANG_WARN__DUPLICATE_METHOD_MATCH = YES;
				COPY_PHASE_STRIP = NO;
				DEBUG_INFORMATION_FORMAT = dwarf;
				ENABLE_STRICT_OBJC_MSGSEND = YES;
				ENABLE_TESTABILITY = YES;
				GCC_C_LANGUAGE_STANDARD = gnu11;
				GCC_DYNAMIC_NO_PIC = NO;
				GCC_NO_COMMON_BLOCKS = YES;
				GCC_OPTIMIZATION_LEVEL = 0;
				GCC_PREPROCESSOR_DEFINITIONS = (
					"DEBUG=1",
					"$(inherited)",
				);
				GCC_WARN_64_TO_32_BIT_CONVERSION = YES;
				GCC_WARN_ABOUT_RETURN_TYPE = YES_ERROR;
				GCC_WARN_UNDECLARED_SELECTOR = YES;
				GCC_WARN_UNINITIALIZED_AUTOS = YES_AGGRESSIVE;
				GCC_WARN_UNUSED_FUNCTION = YES;
				GCC_WARN_UNUSED_VARIABLE = YES;
				IPHONEOS_DEPLOYMENT_TARGET = 15.5;
				MTL_ENABLE_DEBUG_INFO = INCLUDE_SOURCE;
				MTL_FAST_MATH = YES;
				ONLY_ACTIVE_ARCH = YES;
				SDKROOT = iphoneos;
				SWIFT_ACTIVE_COMPILATION_CONDITIONS = DEBUG;
				SWIFT_OPTIMIZATION_LEVEL = "-Onone";
			};
			name = Debug;
		};
		E70EFD6B28893BBB00EB996F /* Release */ = {
			isa = XCBuildConfiguration;
			buildSettings = {
				ALWAYS_SEARCH_USER_PATHS = NO;
				CLANG_ANALYZER_NONNULL = YES;
				CLANG_ANALYZER_NUMBER_OBJECT_CONVERSION = YES_AGGRESSIVE;
				CLANG_CXX_LANGUAGE_STANDARD = "gnu++17";
				CLANG_ENABLE_MODULES = YES;
				CLANG_ENABLE_OBJC_ARC = YES;
				CLANG_ENABLE_OBJC_WEAK = YES;
				CLANG_WARN_BLOCK_CAPTURE_AUTORELEASING = YES;
				CLANG_WARN_BOOL_CONVERSION = YES;
				CLANG_WARN_COMMA = YES;
				CLANG_WARN_CONSTANT_CONVERSION = YES;
				CLANG_WARN_DEPRECATED_OBJC_IMPLEMENTATIONS = YES;
				CLANG_WARN_DIRECT_OBJC_ISA_USAGE = YES_ERROR;
				CLANG_WARN_DOCUMENTATION_COMMENTS = YES;
				CLANG_WARN_EMPTY_BODY = YES;
				CLANG_WARN_ENUM_CONVERSION = YES;
				CLANG_WARN_INFINITE_RECURSION = YES;
				CLANG_WARN_INT_CONVERSION = YES;
				CLANG_WARN_NON_LITERAL_NULL_CONVERSION = YES;
				CLANG_WARN_OBJC_IMPLICIT_RETAIN_SELF = YES;
				CLANG_WARN_OBJC_LITERAL_CONVERSION = YES;
				CLANG_WARN_OBJC_ROOT_CLASS = YES_ERROR;
				CLANG_WARN_QUOTED_INCLUDE_IN_FRAMEWORK_HEADER = YES;
				CLANG_WARN_RANGE_LOOP_ANALYSIS = YES;
				CLANG_WARN_STRICT_PROTOTYPES = YES;
				CLANG_WARN_SUSPICIOUS_MOVE = YES;
				CLANG_WARN_UNGUARDED_AVAILABILITY = YES_AGGRESSIVE;
				CLANG_WARN_UNREACHABLE_CODE = YES;
				CLANG_WARN__DUPLICATE_METHOD_MATCH = YES;
				COPY_PHASE_STRIP = NO;
				DEBUG_INFORMATION_FORMAT = "dwarf-with-dsym";
				ENABLE_NS_ASSERTIONS = NO;
				ENABLE_STRICT_OBJC_MSGSEND = YES;
				GCC_C_LANGUAGE_STANDARD = gnu11;
				GCC_NO_COMMON_BLOCKS = YES;
				GCC_WARN_64_TO_32_BIT_CONVERSION = YES;
				GCC_WARN_ABOUT_RETURN_TYPE = YES_ERROR;
				GCC_WARN_UNDECLARED_SELECTOR = YES;
				GCC_WARN_UNINITIALIZED_AUTOS = YES_AGGRESSIVE;
				GCC_WARN_UNUSED_FUNCTION = YES;
				GCC_WARN_UNUSED_VARIABLE = YES;
				IPHONEOS_DEPLOYMENT_TARGET = 15.5;
				MTL_ENABLE_DEBUG_INFO = NO;
				MTL_FAST_MATH = YES;
				SDKROOT = iphoneos;
				SWIFT_COMPILATION_MODE = wholemodule;
				SWIFT_OPTIMIZATION_LEVEL = "-O";
				VALIDATE_PRODUCT = YES;
			};
			name = Release;
		};
		E70EFD6D28893BBB00EB996F /* Debug */ = {
			isa = XCBuildConfiguration;
			buildSettings = {
				ASSETCATALOG_COMPILER_APPICON_NAME = AppIcon;
				ASSETCATALOG_COMPILER_GLOBAL_ACCENT_COLOR_NAME = AccentColor;
				CODE_SIGN_STYLE = Automatic;
				CURRENT_PROJECT_VERSION = 1;
				DEVELOPMENT_ASSET_PATHS = "\"SwiftUILab/Preview Content\"";
				DEVELOPMENT_TEAM = MW3Y5W46TH;
				ENABLE_PREVIEWS = YES;
				GENERATE_INFOPLIST_FILE = YES;
				INFOPLIST_KEY_UIApplicationSceneManifest_Generation = YES;
				INFOPLIST_KEY_UIApplicationSupportsIndirectInputEvents = YES;
				INFOPLIST_KEY_UILaunchScreen_Generation = YES;
				INFOPLIST_KEY_UISupportedInterfaceOrientations_iPad = "UIInterfaceOrientationPortrait UIInterfaceOrientationPortraitUpsideDown UIInterfaceOrientationLandscapeLeft UIInterfaceOrientationLandscapeRight";
				INFOPLIST_KEY_UISupportedInterfaceOrientations_iPhone = "UIInterfaceOrientationPortrait UIInterfaceOrientationLandscapeLeft UIInterfaceOrientationLandscapeRight";
				LD_RUNPATH_SEARCH_PATHS = (
					"$(inherited)",
					"@executable_path/Frameworks",
				);
				MARKETING_VERSION = 1.0;
				PRODUCT_BUNDLE_IDENTIFIER = com.dieantu.SwiftUILab;
				PRODUCT_NAME = "$(TARGET_NAME)";
				SWIFT_EMIT_LOC_STRINGS = YES;
				SWIFT_VERSION = 5.0;
				TARGETED_DEVICE_FAMILY = "1,2";
			};
			name = Debug;
		};
		E70EFD6E28893BBB00EB996F /* Release */ = {
			isa = XCBuildConfiguration;
			buildSettings = {
				ASSETCATALOG_COMPILER_APPICON_NAME = AppIcon;
				ASSETCATALOG_COMPILER_GLOBAL_ACCENT_COLOR_NAME = AccentColor;
				CODE_SIGN_STYLE = Automatic;
				CURRENT_PROJECT_VERSION = 1;
				DEVELOPMENT_ASSET_PATHS = "\"SwiftUILab/Preview Content\"";
				DEVELOPMENT_TEAM = MW3Y5W46TH;
				ENABLE_PREVIEWS = YES;
				GENERATE_INFOPLIST_FILE = YES;
				INFOPLIST_KEY_UIApplicationSceneManifest_Generation = YES;
				INFOPLIST_KEY_UIApplicationSupportsIndirectInputEvents = YES;
				INFOPLIST_KEY_UILaunchScreen_Generation = YES;
				INFOPLIST_KEY_UISupportedInterfaceOrientations_iPad = "UIInterfaceOrientationPortrait UIInterfaceOrientationPortraitUpsideDown UIInterfaceOrientationLandscapeLeft UIInterfaceOrientationLandscapeRight";
				INFOPLIST_KEY_UISupportedInterfaceOrientations_iPhone = "UIInterfaceOrientationPortrait UIInterfaceOrientationLandscapeLeft UIInterfaceOrientationLandscapeRight";
				LD_RUNPATH_SEARCH_PATHS = (
					"$(inherited)",
					"@executable_path/Frameworks",
				);
				MARKETING_VERSION = 1.0;
				PRODUCT_BUNDLE_IDENTIFIER = com.dieantu.SwiftUILab;
				PRODUCT_NAME = "$(TARGET_NAME)";
				SWIFT_EMIT_LOC_STRINGS = YES;
				SWIFT_VERSION = 5.0;
				TARGETED_DEVICE_FAMILY = "1,2";
			};
			name = Release;
		};
/* End XCBuildConfiguration section */

/* Begin XCConfigurationList section */
		E70EFD5928893BB900EB996F /* Build configuration list for PBXProject "SwiftUILab" */ = {
			isa = XCConfigurationList;
			buildConfigurations = (
				E70EFD6A28893BBB00EB996F /* Debug */,
				E70EFD6B28893BBB00EB996F /* Release */,
			);
			defaultConfigurationIsVisible = 0;
			defaultConfigurationName = Release;
		};
		E70EFD6C28893BBB00EB996F /* Build configuration list for PBXNativeTarget "SwiftUILab" */ = {
			isa = XCConfigurationList;
			buildConfigurations = (
				E70EFD6D28893BBB00EB996F /* Debug */,
				E70EFD6E28893BBB00EB996F /* Release */,
			);
			defaultConfigurationIsVisible = 0;
			defaultConfigurationName = Release;
		};
/* End XCConfigurationList section */
	};
	rootObject = E70EFD5628893BB900EB996F /* Project object */;
}
